[[package]]
name = "amazon.ion"
version = "0.7.0"
description = "A Python implementation of Amazon Ion."
category = "main"
optional = false
python-versions = "*"

[package.dependencies]
six = "*"

[[package]]
name = "aws-kinesis-agg"
version = "1.1.7"
description = "Python module to assist in taking advantage of the Kinesis message aggregation format for both aggregation and deaggregation."
category = "main"
optional = false
python-versions = "*"

[package.dependencies]
protobuf = "*"

[[package]]
name = "boto3"
version = "1.17.69"
description = "The AWS SDK for Python"
category = "main"
optional = false
python-versions = ">= 2.7, !=3.0.*, !=3.1.*, !=3.2.*, !=3.3.*, !=3.4.*, !=3.5.*"

[package.dependencies]
botocore = ">=1.20.69,<1.21.0"
jmespath = ">=0.7.1,<1.0.0"
s3transfer = ">=0.4.0,<0.5.0"

[[package]]
name = "botocore"
version = "1.20.69"
description = "Low-level, data-driven core of boto 3."
category = "main"
optional = false
python-versions = ">= 2.7, !=3.0.*, !=3.1.*, !=3.2.*, !=3.3.*, !=3.4.*, !=3.5.*"

[package.dependencies]
jmespath = ">=0.7.1,<1.0.0"
python-dateutil = ">=2.1,<3.0.0"
urllib3 = ">=1.25.4,<1.27"

[package.extras]
crt = ["awscrt (==0.11.11)"]

[[package]]
name = "ionhash"
version = "1.1.0"
description = "Python implementation of Amazon Ion Hash"
category = "main"
optional = false
python-versions = "*"

[package.dependencies]
"amazon.ion" = ">=0.5"
six = "*"

[[package]]
name = "jmespath"
version = "0.10.0"
description = "JSON Matching Expressions"
category = "main"
optional = false
python-versions = ">=2.6, !=3.0.*, !=3.1.*, !=3.2.*"

[[package]]
name = "protobuf"
version = "3.17.0"
description = "Protocol Buffers"
category = "main"
optional = false
python-versions = "*"

[package.dependencies]
six = ">=1.9"

[[package]]
name = "pyqldb"
version = "3.1.0"
description = "Python driver for Amazon QLDB"
category = "main"
optional = false
python-versions = "*"

[package.dependencies]
"amazon.ion" = ">=0.7.0,<1"
boto3 = ">=1.16.56,<2"
botocore = ">=1.19.56,<2"
ionhash = ">=1.1.0,<2"

[[package]]
name = "python-dateutil"
version = "2.8.1"
description = "Extensions to the standard Python datetime module"
category = "main"
optional = false
python-versions = "!=3.0.*,!=3.1.*,!=3.2.*,>=2.7"

[package.dependencies]
six = ">=1.5"

[[package]]
name = "s3transfer"
version = "0.4.2"
description = "An Amazon S3 Transfer Manager"
category = "main"
optional = false
python-versions = "*"

[package.dependencies]
botocore = ">=1.12.36,<2.0a.0"

[package.extras]
crt = ["botocore[crt] (>=1.20.29,<2.0a.0)"]

[[package]]
name = "six"
version = "1.16.0"
description = "Python 2 and 3 compatibility utilities"
category = "main"
optional = false
python-versions = ">=2.7, !=3.0.*, !=3.1.*, !=3.2.*"

[[package]]
name = "urllib3"
version = "1.26.4"
description = "HTTP library with thread-safe connection pooling, file post, and more."
category = "main"
optional = false
python-versions = ">=2.7, !=3.0.*, !=3.1.*, !=3.2.*, !=3.3.*, !=3.4.*, <4"

[package.extras]
secure = ["pyOpenSSL (>=0.14)", "cryptography (>=1.3.4)", "idna (>=2.0.0)", "certifi", "ipaddress"]
socks = ["PySocks (>=1.5.6,!=1.5.7,<2.0)"]
brotli = ["brotlipy (>=0.6.0)"]

[metadata]
lock-version = "1.1"
python-versions = "^3.8"
content-hash = "4606367b6626951ad8d62a38839af6f914d29093e03f3510ddade51ec66f8d80"

[metadata.files]
"amazon.ion" = [
    {file = "amazon.ion-0.7.0.tar.gz", hash = "sha256:4b5f7af82508eac9952eea48b6745c85a5b9e6b1dd6ebeb72eee4f8ed4847364"},
]
aws-kinesis-agg = [
    {file = "aws_kinesis_agg-1.1.7-py3-none-any.whl", hash = "sha256:192d4cf0bb36f871ae27eda0139715d1abd1a553f10bddc42e29105995b364c6"},
    {file = "aws_kinesis_agg-1.1.7.tar.gz", hash = "sha256:741802d42da68837924350eec8d4130f814bb162dee4922d1ec6b8aa51e627c8"},
]
boto3 = [
    {file = "boto3-1.17.69-py2.py3-none-any.whl", hash = "sha256:cbaa8df5faf81730f117bfa0e3fcda68ec3fa9449a05847aa6140a3f4c087765"},
    {file = "boto3-1.17.69.tar.gz", hash = "sha256:2f0d76660d484ff4c8c2efe9171c1281b38681e6806f87cf100e822432eda11e"},
]
botocore = [
    {file = "botocore-1.20.69-py2.py3-none-any.whl", hash = "sha256:f755b19ddebda0f8ab7afc75ebcb5412dd802eca0a7e670f5fff8c5e58bc88b1"},
    {file = "botocore-1.20.69.tar.gz", hash = "sha256:7e94d3777763ece33d282b437e3b05b5567b9af816bd7819dbe4eb9bc6db6082"},
]
ionhash = [
    {file = "ionhash-1.1.0.tar.gz", hash = "sha256:8c48f234585719fe163c750448d156bc1ccd1382bd8e85edfc6ec758945709dd"},
]
jmespath = [
    {file = "jmespath-0.10.0-py2.py3-none-any.whl", hash = "sha256:cdf6525904cc597730141d61b36f2e4b8ecc257c420fa2f4549bac2c2d0cb72f"},
    {file = "jmespath-0.10.0.tar.gz", hash = "sha256:b85d0567b8666149a93172712e68920734333c0ce7e89b78b3e987f71e5ed4f9"},
]
protobuf = [
    {file = "protobuf-3.17.0-cp27-cp27m-macosx_10_9_x86_64.whl", hash = "sha256:15351df904347da2081a2eebc42b192c29724eb57dbe56dae440be843f1e4779"},
    {file = "protobuf-3.17.0-cp27-cp27mu-manylinux_2_5_x86_64.manylinux1_x86_64.whl", hash = "sha256:5356981c1919782b8c2e3ea5c5d85ad5937b8178a025ac9edc2f2ca5b4a717ae"},
    {file = "protobuf-3.17.0-cp35-cp35m-macosx_10_9_intel.whl", hash = "sha256:eac0a2a7ea99e17175f6e7b53cdc9004ed786c072fbdf933def0e454e14fd323"},
    {file = "protobuf-3.17.0-cp35-cp35m-manylinux_2_5_x86_64.manylinux1_x86_64.whl", hash = "sha256:4c8d0997fdc0a4cf9de7950d598ce6974b22e8618bbcf1d15e9842010cf8420a"},
    {file = "protobuf-3.17.0-cp35-cp35m-win32.whl", hash = "sha256:9ae321459d4890c3939c536382f75e232c9e91ce506310353c8a15ad5c379e0d"},
    {file = "protobuf-3.17.0-cp35-cp35m-win_amd64.whl", hash = "sha256:295944ef0772498d7bf75f6aa5d4dfcfd02f5ce70f735b406e52e43ac3914d38"},
    {file = "protobuf-3.17.0-cp36-cp36m-macosx_10_9_x86_64.whl", hash = "sha256:850f429bd2399525d339d05bc809f090f16d3d88737bed637d355a5ee8d3b81a"},
    {file = "protobuf-3.17.0-cp36-cp36m-manylinux_2_5_x86_64.manylinux1_x86_64.whl", hash = "sha256:809a96d5a1a74538728710f9104f43ae77f5e48bde274ee321b10a324ba52e4f"},
    {file = "protobuf-3.17.0-cp36-cp36m-win32.whl", hash = "sha256:8a3ac375539055164f31a330770f137875307e6f04c21e2647f2e7139c501295"},
    {file = "protobuf-3.17.0-cp36-cp36m-win_amd64.whl", hash = "sha256:3d338910b10b88b18581cf6877b3938b2e262e8fdc2c1057f5a291787de63183"},
    {file = "protobuf-3.17.0-cp37-cp37m-macosx_10_9_x86_64.whl", hash = "sha256:1488f786bd1912f97796cf5def8cacf433735616896cf7ed9dc786cee693dfc8"},
    {file = "protobuf-3.17.0-cp37-cp37m-manylinux2014_aarch64.whl", hash = "sha256:bcaff977db178f0bfde10bab0d23a5f5adf5964adba70c315e45922a1c55eb90"},
    {file = "protobuf-3.17.0-cp37-cp37m-manylinux_2_5_x86_64.manylinux1_x86_64.whl", hash = "sha256:939ce06846ddfec99c0bff510510b3ee45778e7a3aec6544d1f36526e5fecb67"},
    {file = "protobuf-3.17.0-cp37-cp37m-win32.whl", hash = "sha256:3237acce5b666c7b0f45785cc2d0809796d4df3593bd68338aebf25408139188"},
    {file = "protobuf-3.17.0-cp37-cp37m-win_amd64.whl", hash = "sha256:2f77afe33bb86c7d34221a86193256d69aa10818620fe4a7513d98211d67d672"},
    {file = "protobuf-3.17.0-cp38-cp38-macosx_10_9_x86_64.whl", hash = "sha256:acc9f2091ace3de429eee424ab7ba0bc52a6aa9ffc9909e5c4de259a3f71db46"},
    {file = "protobuf-3.17.0-cp38-cp38-manylinux2014_aarch64.whl", hash = "sha256:a29631f4f8bcf79b12a59e83d238d888de5034871461d788c74c68218ad75049"},
    {file = "protobuf-3.17.0-cp38-cp38-manylinux_2_5_x86_64.manylinux1_x86_64.whl", hash = "sha256:05c304396e309661c45e3a97bd2d8da1fc2bab743ed2ca880bcb757271c40c0e"},
    {file = "protobuf-3.17.0-cp39-cp39-macosx_10_9_x86_64.whl", hash = "sha256:baea44967071e6a51e705e4e88aebf35f530a14004cc69f60a185e5d7e13de7e"},
    {file = "protobuf-3.17.0-cp39-cp39-manylinux2014_aarch64.whl", hash = "sha256:3b5c461af5a3cebd796c73370db929b7e24cbaba655eefdc044226bc8a843d6b"},
    {file = "protobuf-3.17.0-cp39-cp39-manylinux_2_5_x86_64.manylinux1_x86_64.whl", hash = "sha256:44399393c3a8cc04a4cfbdc721dd7f2114497efda582e946a91b8c4290ae5ff5"},
    {file = "protobuf-3.17.0-py2.py3-none-any.whl", hash = "sha256:e32ef0c9f4b548c80d94dfff8b4130ca2ff3d50caaf2455889e3f5b8a01e8038"},
    {file = "protobuf-3.17.0.tar.gz", hash = "sha256:05dfe9319939a8473c21b469f34f6486646e54fb8542637cf7ed8e2fbfe21538"},
]
pyqldb = [
    {file = "pyqldb-3.1.0.tar.gz", hash = "sha256:f315686e9ac636fb36bd4d2d521da375e9827a5887facc21c68d9feaa293683d"},
]
python-dateutil = [
    {file = "python-dateutil-2.8.1.tar.gz", hash = "sha256:73ebfe9dbf22e832286dafa60473e4cd239f8592f699aa5adaf10050e6e1823c"},
    {file = "python_dateutil-2.8.1-py2.py3-none-any.whl", hash = "sha256:75bb3f31ea686f1197762692a9ee6a7550b59fc6ca3a1f4b5d7e32fb98e2da2a"},
]
s3transfer = [
    {file = "s3transfer-0.4.2-py2.py3-none-any.whl", hash = "sha256:9b3752887a2880690ce628bc263d6d13a3864083aeacff4890c1c9839a5eb0bc"},
    {file = "s3transfer-0.4.2.tar.gz", hash = "sha256:cb022f4b16551edebbb31a377d3f09600dbada7363d8c5db7976e7f47732e1b2"},
]
six = [
    {file = "six-1.16.0-py2.py3-none-any.whl", hash = "sha256:8abb2f1d86890a2dfb989f9a77cfcfd3e47c2a354b01111771326f8aa26e0254"},
    {file = "six-1.16.0.tar.gz", hash = "sha256:1e61c37477a1626458e36f7b1d82aa5c9b094fa4802892072e49de9c60c4c926"},
]
urllib3 = [
    {file = "urllib3-1.26.4-py2.py3-none-any.whl", hash = "sha256:2f4da4594db7e1e110a944bb1b551fdf4e6c136ad42e4234131391e21eb5b0df"},
    {file = "urllib3-1.26.4.tar.gz", hash = "sha256:e7b021f7241115872f92f43c6508082facffbd1c048e3c6e2bb9c2a157e28937"},
]
